DEPENDENCIES
  dkdeploy-core
    path: config/vm/cookbooks/dkdeploy-core

GRAPH
  apt (7.0.0)
  build-essential (8.1.1)
    mingw (>= 1.1)
    seven_zip (>= 0.0.0)
  compat_resource (12.19.1)
  database (6.1.1)
    postgresql (>= 1.0.0)
  dkdeploy-core (1.0.0)
    apt (>= 0.0.0)
    database (>= 0.0.0)
    mysql (>= 0.0.0)
    mysql2_chef_gem (>= 0.0.0)
  inifile_chef_gem (0.1.0)
    build-essential (>= 0.0.0)
  mariadb (1.5.3)
    apt (>= 0.0.0)
    build-essential (>= 0.0.0)
    selinux_policy (~> 2.0)
    yum (>= 0.0.0)
    yum-epel (>= 0.0.0)
    yum-scl (>= 0.0.0)
  mingw (2.0.2)
    seven_zip (>= 0.0.0)
  mysql (8.5.1)
  mysql2_chef_gem (2.1.0)
    build-essential (>= 2.4.0)
    mariadb (>= 0.0.0)
    mysql (>= 8.2.0)
  openssl (8.1.2)
  postgresql (6.1.4)
    build-essential (>= 2.0.0)
    compat_resource (>= 12.16.3)
    openssl (>= 4.0)
  selinux_policy (2.1.0)
  seven_zip (2.0.2)
    windows (>= 1.2.2)
  windows (4.2.2)
  yum (5.1.0)
  yum-epel (3.1.0)
  yum-scl (0.2.0)
    inifile_chef_gem (>= 0.0.0)
    yum (>= 0.0.0)
